
Microsoft Visual Studio Solution File, Format Version 12.00
# Visual Studio Version 17
VisualStudioVersion = 17.13.35617.110
MinimumVisualStudioVersion = 10.0.40219.1
Project("{2150E333-8FDC-42A3-9474-1A3956D46DE8}") = "src", "src", "{02EA681E-C7D8-13C7-8484-4AC65E1B71E8}"
EndProject
Project("{2150E333-8FDC-42A3-9474-1A3956D46DE8}") = "architecture", "architecture", "{2FE5A2B2-82AF-4FC8-9BBB-0FAAC347F432}"
EndProject
Project("{2150E333-8FDC-42A3-9474-1A3956D46DE8}") = "Modules", "Modules", "{AE18C62C-044F-4999-A149-A4F3FC9724A8}"
EndProject
Project("{2150E333-8FDC-42A3-9474-1A3956D46DE8}") = "Orders", "Orders", "{EBA5CEDE-25E3-4386-B546-B42010F1FC7E}"
EndProject
Project("{2150E333-8FDC-42A3-9474-1A3956D46DE8}") = "Payments", "Payments", "{95A9045D-5849-4312-8618-D6BC7BCF993D}"
EndProject
Project("{2150E333-8FDC-42A3-9474-1A3956D46DE8}") = "Api", "Api", "{B99673E3-C3DE-461A-9063-706A69A355F1}"
EndProject
Project("{2150E333-8FDC-42A3-9474-1A3956D46DE8}") = "BuildingBlocks", "BuildingBlocks", "{CA9F506E-FA70-43F4-AC24-38741CFA1A67}"
EndProject
Project("{2150E333-8FDC-42A3-9474-1A3956D46DE8}") = "Tests", "Tests", "{14240F0B-9192-4F71-8C35-48C361D46BD8}"
EndProject
Project("{FAE04EC0-301F-11D3-BF4B-00C04F79EFBC}") = "Orders.Application", "src\Modules\Orders\Orders.Application\Orders.Application.csproj", "{8F694C40-E4B2-09E3-AC9C-7CE42C5E5DD9}"
EndProject
Project("{FAE04EC0-301F-11D3-BF4B-00C04F79EFBC}") = "Orders.Infrastructure", "src\Modules\Orders\Orders.Infrastructure\Orders.Infrastructure.csproj", "{412D3C26-C090-F2E1-ADB2-27ECD9F2B127}"
EndProject
Project("{FAE04EC0-301F-11D3-BF4B-00C04F79EFBC}") = "Orders.Domain", "src\Modules\Orders\Orders.Domain\Orders.Domain.csproj", "{360CC4D6-5B1E-3761-4422-FDD95A3C2FC2}"
EndProject
Project("{FAE04EC0-301F-11D3-BF4B-00C04F79EFBC}") = "Orders.Contracts", "src\Modules\Orders\Orders.Contracts\Orders.Contracts.csproj", "{92722304-D647-5292-0607-29B8DB54FEC4}"
EndProject
Project("{FAE04EC0-301F-11D3-BF4B-00C04F79EFBC}") = "BuildingBlocks", "src\BuildingBlocks\BuildingBlocks.csproj", "{2C59E140-58BE-2575-EFA6-5EEF08D86238}"
EndProject
Project("{FAE04EC0-301F-11D3-BF4B-00C04F79EFBC}") = "Api", "src\Api\Api.csproj", "{CBAFC0F9-5B69-AE5B-776E-B650E010DF04}"
EndProject
Project("{FAE04EC0-301F-11D3-BF4B-00C04F79EFBC}") = "Payments.Presentation", "src\Modules\Payments\Payments.Api\Payments.Presentation.csproj", "{D5DB6B7C-E3D4-BEF6-CF3C-7C336A235EEA}"
EndProject
Project("{FAE04EC0-301F-11D3-BF4B-00C04F79EFBC}") = "Payments.Application", "src\Modules\Payments\Payments.Application\Payments.Application.csproj", "{3CB9CC2A-BE87-3B2E-4E33-ACC9257A7ED9}"
EndProject
Project("{FAE04EC0-301F-11D3-BF4B-00C04F79EFBC}") = "Payments.Domain", "src\Modules\Payments\Payments.Domain\Payments.Domain.csproj", "{278E501F-2EF2-E033-FFB0-73E75FBCE92C}"
EndProject
Project("{FAE04EC0-301F-11D3-BF4B-00C04F79EFBC}") = "Payments.Infrastructure", "src\Modules\Payments\Payments.Infrastructure\Payments.Infrastructure.csproj", "{DD5F84B6-C5B8-1318-77EF-8CE149777D88}"
EndProject
Project("{2150E333-8FDC-42A3-9474-1A3956D46DE8}") = "Solution Items", "Solution Items", "{8EC462FD-D22E-90A8-E5CE-7E832BA40C5D}"
	ProjectSection(SolutionItems) = preProject
		Directory.Packages.props = Directory.Packages.props
	EndProjectSection
EndProject
Project("{FAE04EC0-301F-11D3-BF4B-00C04F79EFBC}") = "Orders.Presentation", "src\Modules\Orders\Orders.Presentation\Orders.Presentation.csproj", "{12E97002-79FF-5BB5-F97D-D991047D0216}"
EndProject
Project("{FAE04EC0-301F-11D3-BF4B-00C04F79EFBC}") = "Payments.Contracts", "src\Modules\Payments\Payments.Contracts\Payments.Contracts.csproj", "{48F6FE39-3FBB-E401-F8D6-5B08165DC329}"
EndProject
Global
	GlobalSection(SolutionConfigurationPlatforms) = preSolution
		Debug|Any CPU = Debug|Any CPU
		Release|Any CPU = Release|Any CPU
	EndGlobalSection
	GlobalSection(ProjectConfigurationPlatforms) = postSolution
		{8F694C40-E4B2-09E3-AC9C-7CE42C5E5DD9}.Debug|Any CPU.ActiveCfg = Debug|Any CPU
		{8F694C40-E4B2-09E3-AC9C-7CE42C5E5DD9}.Debug|Any CPU.Build.0 = Debug|Any CPU
		{8F694C40-E4B2-09E3-AC9C-7CE42C5E5DD9}.Release|Any CPU.ActiveCfg = Release|Any CPU
		{8F694C40-E4B2-09E3-AC9C-7CE42C5E5DD9}.Release|Any CPU.Build.0 = Release|Any CPU
		{412D3C26-C090-F2E1-ADB2-27ECD9F2B127}.Debug|Any CPU.ActiveCfg = Debug|Any CPU
		{412D3C26-C090-F2E1-ADB2-27ECD9F2B127}.Debug|Any CPU.Build.0 = Debug|Any CPU
		{412D3C26-C090-F2E1-ADB2-27ECD9F2B127}.Release|Any CPU.ActiveCfg = Release|Any CPU
		{412D3C26-C090-F2E1-ADB2-27ECD9F2B127}.Release|Any CPU.Build.0 = Release|Any CPU
		{360CC4D6-5B1E-3761-4422-FDD95A3C2FC2}.Debug|Any CPU.ActiveCfg = Debug|Any CPU
		{360CC4D6-5B1E-3761-4422-FDD95A3C2FC2}.Debug|Any CPU.Build.0 = Debug|Any CPU
		{360CC4D6-5B1E-3761-4422-FDD95A3C2FC2}.Release|Any CPU.ActiveCfg = Release|Any CPU
		{360CC4D6-5B1E-3761-4422-FDD95A3C2FC2}.Release|Any CPU.Build.0 = Release|Any CPU
		{92722304-D647-5292-0607-29B8DB54FEC4}.Debug|Any CPU.ActiveCfg = Debug|Any CPU
		{92722304-D647-5292-0607-29B8DB54FEC4}.Debug|Any CPU.Build.0 = Debug|Any CPU
		{92722304-D647-5292-0607-29B8DB54FEC4}.Release|Any CPU.ActiveCfg = Release|Any CPU
		{92722304-D647-5292-0607-29B8DB54FEC4}.Release|Any CPU.Build.0 = Release|Any CPU
		{2C59E140-58BE-2575-EFA6-5EEF08D86238}.Debug|Any CPU.ActiveCfg = Debug|Any CPU
		{2C59E140-58BE-2575-EFA6-5EEF08D86238}.Debug|Any CPU.Build.0 = Debug|Any CPU
		{2C59E140-58BE-2575-EFA6-5EEF08D86238}.Release|Any CPU.ActiveCfg = Release|Any CPU
		{2C59E140-58BE-2575-EFA6-5EEF08D86238}.Release|Any CPU.Build.0 = Release|Any CPU
		{CBAFC0F9-5B69-AE5B-776E-B650E010DF04}.Debug|Any CPU.ActiveCfg = Debug|Any CPU
		{CBAFC0F9-5B69-AE5B-776E-B650E010DF04}.Debug|Any CPU.Build.0 = Debug|Any CPU
		{CBAFC0F9-5B69-AE5B-776E-B650E010DF04}.Release|Any CPU.ActiveCfg = Release|Any CPU
		{CBAFC0F9-5B69-AE5B-776E-B650E010DF04}.Release|Any CPU.Build.0 = Release|Any CPU
		{D5DB6B7C-E3D4-BEF6-CF3C-7C336A235EEA}.Debug|Any CPU.ActiveCfg = Debug|Any CPU
		{D5DB6B7C-E3D4-BEF6-CF3C-7C336A235EEA}.Debug|Any CPU.Build.0 = Debug|Any CPU
		{D5DB6B7C-E3D4-BEF6-CF3C-7C336A235EEA}.Release|Any CPU.ActiveCfg = Release|Any CPU
		{D5DB6B7C-E3D4-BEF6-CF3C-7C336A235EEA}.Release|Any CPU.Build.0 = Release|Any CPU
		{3CB9CC2A-BE87-3B2E-4E33-ACC9257A7ED9}.Debug|Any CPU.ActiveCfg = Debug|Any CPU
		{3CB9CC2A-BE87-3B2E-4E33-ACC9257A7ED9}.Debug|Any CPU.Build.0 = Debug|Any CPU
		{3CB9CC2A-BE87-3B2E-4E33-ACC9257A7ED9}.Release|Any CPU.ActiveCfg = Release|Any CPU
		{3CB9CC2A-BE87-3B2E-4E33-ACC9257A7ED9}.Release|Any CPU.Build.0 = Release|Any CPU
		{278E501F-2EF2-E033-FFB0-73E75FBCE92C}.Debug|Any CPU.ActiveCfg = Debug|Any CPU
		{278E501F-2EF2-E033-FFB0-73E75FBCE92C}.Debug|Any CPU.Build.0 = Debug|Any CPU
		{278E501F-2EF2-E033-FFB0-73E75FBCE92C}.Release|Any CPU.ActiveCfg = Release|Any CPU
		{278E501F-2EF2-E033-FFB0-73E75FBCE92C}.Release|Any CPU.Build.0 = Release|Any CPU
		{DD5F84B6-C5B8-1318-77EF-8CE149777D88}.Debug|Any CPU.ActiveCfg = Debug|Any CPU
		{DD5F84B6-C5B8-1318-77EF-8CE149777D88}.Debug|Any CPU.Build.0 = Debug|Any CPU
		{DD5F84B6-C5B8-1318-77EF-8CE149777D88}.Release|Any CPU.ActiveCfg = Release|Any CPU
		{DD5F84B6-C5B8-1318-77EF-8CE149777D88}.Release|Any CPU.Build.0 = Release|Any CPU
		{12E97002-79FF-5BB5-F97D-D991047D0216}.Debug|Any CPU.ActiveCfg = Debug|Any CPU
		{12E97002-79FF-5BB5-F97D-D991047D0216}.Debug|Any CPU.Build.0 = Debug|Any CPU
		{12E97002-79FF-5BB5-F97D-D991047D0216}.Release|Any CPU.ActiveCfg = Release|Any CPU
		{12E97002-79FF-5BB5-F97D-D991047D0216}.Release|Any CPU.Build.0 = Release|Any CPU
		{48F6FE39-3FBB-E401-F8D6-5B08165DC329}.Debug|Any CPU.ActiveCfg = Debug|Any CPU
		{48F6FE39-3FBB-E401-F8D6-5B08165DC329}.Debug|Any CPU.Build.0 = Debug|Any CPU
		{48F6FE39-3FBB-E401-F8D6-5B08165DC329}.Release|Any CPU.ActiveCfg = Release|Any CPU
		{48F6FE39-3FBB-E401-F8D6-5B08165DC329}.Release|Any CPU.Build.0 = Release|Any CPU
	EndGlobalSection
	GlobalSection(SolutionProperties) = preSolution
		HideSolutionNode = FALSE
	EndGlobalSection
	GlobalSection(NestedProjects) = preSolution
		{AE18C62C-044F-4999-A149-A4F3FC9724A8} = {02EA681E-C7D8-13C7-8484-4AC65E1B71E8}
		{EBA5CEDE-25E3-4386-B546-B42010F1FC7E} = {AE18C62C-044F-4999-A149-A4F3FC9724A8}
		{95A9045D-5849-4312-8618-D6BC7BCF993D} = {AE18C62C-044F-4999-A149-A4F3FC9724A8}
		{B99673E3-C3DE-461A-9063-706A69A355F1} = {02EA681E-C7D8-13C7-8484-4AC65E1B71E8}
		{CA9F506E-FA70-43F4-AC24-38741CFA1A67} = {02EA681E-C7D8-13C7-8484-4AC65E1B71E8}
		{8F694C40-E4B2-09E3-AC9C-7CE42C5E5DD9} = {EBA5CEDE-25E3-4386-B546-B42010F1FC7E}
		{412D3C26-C090-F2E1-ADB2-27ECD9F2B127} = {EBA5CEDE-25E3-4386-B546-B42010F1FC7E}
		{360CC4D6-5B1E-3761-4422-FDD95A3C2FC2} = {EBA5CEDE-25E3-4386-B546-B42010F1FC7E}
		{92722304-D647-5292-0607-29B8DB54FEC4} = {EBA5CEDE-25E3-4386-B546-B42010F1FC7E}
		{2C59E140-58BE-2575-EFA6-5EEF08D86238} = {CA9F506E-FA70-43F4-AC24-38741CFA1A67}
		{CBAFC0F9-5B69-AE5B-776E-B650E010DF04} = {B99673E3-C3DE-461A-9063-706A69A355F1}
		{D5DB6B7C-E3D4-BEF6-CF3C-7C336A235EEA} = {95A9045D-5849-4312-8618-D6BC7BCF993D}
		{3CB9CC2A-BE87-3B2E-4E33-ACC9257A7ED9} = {95A9045D-5849-4312-8618-D6BC7BCF993D}
		{278E501F-2EF2-E033-FFB0-73E75FBCE92C} = {95A9045D-5849-4312-8618-D6BC7BCF993D}
		{DD5F84B6-C5B8-1318-77EF-8CE149777D88} = {95A9045D-5849-4312-8618-D6BC7BCF993D}
		{12E97002-79FF-5BB5-F97D-D991047D0216} = {EBA5CEDE-25E3-4386-B546-B42010F1FC7E}
		{48F6FE39-3FBB-E401-F8D6-5B08165DC329} = {95A9045D-5849-4312-8618-D6BC7BCF993D}
	EndGlobalSection
	GlobalSection(ExtensibilityGlobals) = postSolution
		SolutionGuid = {E883A691-A268-4665-A1E3-041D8E625ADE}
	EndGlobalSection
EndGlobal
